
Microsoft Visual Studio Solution File, Format Version 12.00
# Visual Studio Version 17
VisualStudioVersion = 17.11.35312.102
MinimumVisualStudioVersion = 10.0.40219.1
Project("{FAE04EC0-301F-11D3-BF4B-00C04F79EFBC}") = "ReceiptProcessor", "ReceiptProcessor.csproj", "{9B80145F-EBA7-44F1-9445-5D4434617D76}"
EndProject
Global
	GlobalSection(SolutionConfigurationPlatforms) = preSolution
		Debug|Any CPU = Debug|Any CPU
		Release|Any CPU = Release|Any CPU
	EndGlobalSection
	GlobalSection(ProjectConfigurationPlatforms) = postSolution
		{9B80145F-EBA7-44F1-9445-5D4434617D76}.Debug|Any CPU.ActiveCfg = Debug|Any CPU
		{9B80145F-EBA7-44F1-9445-5D4434617D76}.Debug|Any CPU.Build.0 = Debug|Any CPU
		{9B80145F-EBA7-44F1-9445-5D4434617D76}.Release|Any CPU.ActiveCfg = Release|Any CPU
		{9B80145F-EBA7-44F1-9445-5D4434617D76}.Release|Any CPU.Build.0 = Release|Any CPU
	EndGlobalSection
	GlobalSection(SolutionProperties) = preSolution
		HideSolutionNode = FALSE
	EndGlobalSection
	GlobalSection(ExtensibilityGlobals) = postSolution
		SolutionGuid = {28FC6190-A377-4958-A35C-7168BC7C8070}
	EndGlobalSection
EndGlobal
